
Microsoft Visual Studio Solution File, Format Version 12.00
# Visual Studio Version 16
VisualStudioVersion = 16.0.30523.141
MinimumVisualStudioVersion = 10.0.40219.1
Project("{FAE04EC0-301F-11D3-BF4B-00C04F79EFBC}") = "OlaSapB1", "OlaSapB1\OlaSapB1.csproj", "{E93A23A7-8903-41BB-816E-C7414B992731}"
EndProject
Project("{FAE04EC0-301F-11D3-BF4B-00C04F79EFBC}") = "PegarEventos", "PegarEventos\PegarEventos.csproj", "{9DE39E1A-19B1-4D0F-A0DF-2CC36D368269}"
EndProject
Project("{FAE04EC0-301F-11D3-BF4B-00C04F79EFBC}") = "FormularioSimples", "FormularioSimples\FormularioSimples.csproj", "{4FA224B2-B480-449B-8D78-273A222A735B}"
EndProject
Project("{FAE04EC0-301F-11D3-BF4B-00C04F79EFBC}") = "TrabalhandoComXML", "TrabalhandoComXML\TrabalhandoComXML.csproj", "{2091312D-673A-4909-9616-38A31F19A651}"
EndProject
Project("{FAE04EC0-301F-11D3-BF4B-00C04F79EFBC}") = "AdicionarMenus", "AdicionarMenus\AdicionarMenus.csproj", "{015F58CB-6CA4-4045-A77A-E0D3FD6BD2AF}"
EndProject
Project("{FAE04EC0-301F-11D3-BF4B-00C04F79EFBC}") = "UsandoMatrix", "UsandoMatrix\UsandoMatrix.csproj", "{B46A1A1D-E579-43C9-B70C-D1BF1D392295}"
EndProject
Project("{FAE04EC0-301F-11D3-BF4B-00C04F79EFBC}") = "FormularioComplexo", "FormularioComplexo\FormularioComplexo.csproj", "{445138D5-4923-44DB-AFA4-37FE2569BA6C}"
EndProject
Project("{FAE04EC0-301F-11D3-BF4B-00C04F79EFBC}") = "EventFilter", "EventFilter\EventFilter.csproj", "{F3681490-EF9F-479E-8623-AA0EB525F717}"
EndProject
Project("{FAE04EC0-301F-11D3-BF4B-00C04F79EFBC}") = "ProgressBar", "ProgressBar\ProgressBar.csproj", "{9909004D-C411-464C-8147-707FFFFD4579}"
EndProject
Project("{FAE04EC0-301F-11D3-BF4B-00C04F79EFBC}") = "StatusBar", "StatusBar\StatusBar.csproj", "{B82834AF-2EFE-4C8C-825B-E2EF975B8844}"
EndProject
Project("{FAE04EC0-301F-11D3-BF4B-00C04F79EFBC}") = "HelperB1", "HelperB1\HelperB1.csproj", "{3B62639B-BE2A-43F6-84CA-95AAADFDBC66}"
EndProject
Project("{FAE04EC0-301F-11D3-BF4B-00C04F79EFBC}") = "SystemForms", "SystemForms\SystemForms.csproj", "{80CFF0B3-2DFB-405A-BB70-52561D39B036}"
EndProject
Project("{FAE04EC0-301F-11D3-BF4B-00C04F79EFBC}") = "ModalForms", "ModalForms\ModalForms.csproj", "{2738657E-EE35-4FE6-A0DD-23376DA64B84}"
EndProject
Project("{FAE04EC0-301F-11D3-BF4B-00C04F79EFBC}") = "TrabalhandoComMenusEXML", "TrabalhandoComMenusEXML\TrabalhandoComMenusEXML.csproj", "{A9C02488-D951-4C26-B6EC-032ACC9B0098}"
EndProject
Project("{FAE04EC0-301F-11D3-BF4B-00C04F79EFBC}") = "ChooseFromList", "ChooseFromList\ChooseFromList.csproj", "{1A2FEC52-C5BD-4D9A-8F28-641E82DD3A45}"
EndProject
Project("{FAE04EC0-301F-11D3-BF4B-00C04F79EFBC}") = "TabOrder", "TabOrder\TabOrder.csproj", "{53C826A5-1B9A-4600-AAAD-1AC5AC036568}"
EndProject
Project("{FAE04EC0-301F-11D3-BF4B-00C04F79EFBC}") = "GridExemplo", "GridExemplo\GridExemplo.csproj", "{45140AC8-A193-4B2A-BD61-7E574AE580B8}"
EndProject
Project("{FAE04EC0-301F-11D3-BF4B-00C04F79EFBC}") = "FormSettings", "FormSettings\FormSettings.csproj", "{01450BA4-29FF-4133-9DA4-702011000945}"
EndProject
Project("{FAE04EC0-301F-11D3-BF4B-00C04F79EFBC}") = "ClickBotaoDireitoDoMouse", "ClickBotaoDireitoDoMouse\ClickBotaoDireitoDoMouse.csproj", "{6C27D0A9-B8DD-42F8-9C45-1A45296AA672}"
EndProject
Project("{FAE04EC0-301F-11D3-BF4B-00C04F79EFBC}") = "PeriodoContabilAtual", "PeriodoContabilAtual\PeriodoContabilAtual.csproj", "{E6A7811F-9CD2-4B25-805F-F2C555A20001}"
EndProject
Project("{FAE04EC0-301F-11D3-BF4B-00C04F79EFBC}") = "EventosDeDados", "EventosDeDados\EventosDeDados.csproj", "{4C2D275D-B20C-4196-9478-22DCD399C3D8}"
EndProject
Project("{FAE04EC0-301F-11D3-BF4B-00C04F79EFBC}") = "Selecionador", "Selecionador\Selecionador.csproj", "{378846E0-0C6B-444D-8C06-0C27B69C0381}"
EndProject
Project("{FAE04EC0-301F-11D3-BF4B-00C04F79EFBC}") = "Matrix_e_Grid", "Matrix_e_Grid\Matrix_e_Grid.csproj", "{F5BC1A13-5B0B-4C02-8659-660031CE7DCA}"
EndProject
Project("{FAE04EC0-301F-11D3-BF4B-00C04F79EFBC}") = "MatrixMais", "MatrixMais\MatrixMais.csproj", "{27E67DAD-9AE2-4C70-9836-BFA9917DA866}"
EndProject
Project("{2150E333-8FDC-42A3-9474-1A3956D46DE8}") = "DI", "DI", "{4ECC9A79-9A2A-4A9B-BB2F-1BD88E42B583}"
EndProject
Project("{FAE04EC0-301F-11D3-BF4B-00C04F79EFBC}") = "OperacoesBasicas", "OperacoesBasicas\OperacoesBasicas.csproj", "{7D941B84-5047-4DF0-943A-102F1F5C4B8B}"
EndProject
Project("{FAE04EC0-301F-11D3-BF4B-00C04F79EFBC}") = "Dialogos", "Dialogos\Dialogos.csproj", "{4388DE13-B1EF-4ED3-B295-2B1133E0A52F}"
EndProject
Global
	GlobalSection(SolutionConfigurationPlatforms) = preSolution
		Debug|Any CPU = Debug|Any CPU
		Debug|x64 = Debug|x64
		Debug|x86 = Debug|x86
		Release|Any CPU = Release|Any CPU
		Release|x64 = Release|x64
		Release|x86 = Release|x86
	EndGlobalSection
	GlobalSection(ProjectConfigurationPlatforms) = postSolution
		{E93A23A7-8903-41BB-816E-C7414B992731}.Debug|Any CPU.ActiveCfg = Debug|Any CPU
		{E93A23A7-8903-41BB-816E-C7414B992731}.Debug|Any CPU.Build.0 = Debug|Any CPU
		{E93A23A7-8903-41BB-816E-C7414B992731}.Debug|x64.ActiveCfg = Debug|x64
		{E93A23A7-8903-41BB-816E-C7414B992731}.Debug|x64.Build.0 = Debug|x64
		{E93A23A7-8903-41BB-816E-C7414B992731}.Debug|x86.ActiveCfg = Debug|x86
		{E93A23A7-8903-41BB-816E-C7414B992731}.Debug|x86.Build.0 = Debug|x86
		{E93A23A7-8903-41BB-816E-C7414B992731}.Release|Any CPU.ActiveCfg = Release|Any CPU
		{E93A23A7-8903-41BB-816E-C7414B992731}.Release|Any CPU.Build.0 = Release|Any CPU
		{E93A23A7-8903-41BB-816E-C7414B992731}.Release|x64.ActiveCfg = Release|x64
		{E93A23A7-8903-41BB-816E-C7414B992731}.Release|x64.Build.0 = Release|x64
		{E93A23A7-8903-41BB-816E-C7414B992731}.Release|x86.ActiveCfg = Release|x86
		{E93A23A7-8903-41BB-816E-C7414B992731}.Release|x86.Build.0 = Release|x86
		{9DE39E1A-19B1-4D0F-A0DF-2CC36D368269}.Debug|Any CPU.ActiveCfg = Debug|Any CPU
		{9DE39E1A-19B1-4D0F-A0DF-2CC36D368269}.Debug|Any CPU.Build.0 = Debug|Any CPU
		{9DE39E1A-19B1-4D0F-A0DF-2CC36D368269}.Debug|x64.ActiveCfg = Debug|x64
		{9DE39E1A-19B1-4D0F-A0DF-2CC36D368269}.Debug|x64.Build.0 = Debug|x64
		{9DE39E1A-19B1-4D0F-A0DF-2CC36D368269}.Debug|x86.ActiveCfg = Debug|x86
		{9DE39E1A-19B1-4D0F-A0DF-2CC36D368269}.Debug|x86.Build.0 = Debug|x86
		{9DE39E1A-19B1-4D0F-A0DF-2CC36D368269}.Release|Any CPU.ActiveCfg = Release|Any CPU
		{9DE39E1A-19B1-4D0F-A0DF-2CC36D368269}.Release|Any CPU.Build.0 = Release|Any CPU
		{9DE39E1A-19B1-4D0F-A0DF-2CC36D368269}.Release|x64.ActiveCfg = Release|x64
		{9DE39E1A-19B1-4D0F-A0DF-2CC36D368269}.Release|x64.Build.0 = Release|x64
		{9DE39E1A-19B1-4D0F-A0DF-2CC36D368269}.Release|x86.ActiveCfg = Release|x86
		{9DE39E1A-19B1-4D0F-A0DF-2CC36D368269}.Release|x86.Build.0 = Release|x86
		{4FA224B2-B480-449B-8D78-273A222A735B}.Debug|Any CPU.ActiveCfg = Debug|Any CPU
		{4FA224B2-B480-449B-8D78-273A222A735B}.Debug|Any CPU.Build.0 = Debug|Any CPU
		{4FA224B2-B480-449B-8D78-273A222A735B}.Debug|x64.ActiveCfg = Debug|x64
		{4FA224B2-B480-449B-8D78-273A222A735B}.Debug|x64.Build.0 = Debug|x64
		{4FA224B2-B480-449B-8D78-273A222A735B}.Debug|x86.ActiveCfg = Debug|x86
		{4FA224B2-B480-449B-8D78-273A222A735B}.Debug|x86.Build.0 = Debug|x86
		{4FA224B2-B480-449B-8D78-273A222A735B}.Release|Any CPU.ActiveCfg = Release|Any CPU
		{4FA224B2-B480-449B-8D78-273A222A735B}.Release|Any CPU.Build.0 = Release|Any CPU
		{4FA224B2-B480-449B-8D78-273A222A735B}.Release|x64.ActiveCfg = Release|x64
		{4FA224B2-B480-449B-8D78-273A222A735B}.Release|x64.Build.0 = Release|x64
		{4FA224B2-B480-449B-8D78-273A222A735B}.Release|x86.ActiveCfg = Release|x86
		{4FA224B2-B480-449B-8D78-273A222A735B}.Release|x86.Build.0 = Release|x86
		{2091312D-673A-4909-9616-38A31F19A651}.Debug|Any CPU.ActiveCfg = Debug|Any CPU
		{2091312D-673A-4909-9616-38A31F19A651}.Debug|Any CPU.Build.0 = Debug|Any CPU
		{2091312D-673A-4909-9616-38A31F19A651}.Debug|x64.ActiveCfg = Debug|x64
		{2091312D-673A-4909-9616-38A31F19A651}.Debug|x64.Build.0 = Debug|x64
		{2091312D-673A-4909-9616-38A31F19A651}.Debug|x86.ActiveCfg = Debug|x86
		{2091312D-673A-4909-9616-38A31F19A651}.Debug|x86.Build.0 = Debug|x86
		{2091312D-673A-4909-9616-38A31F19A651}.Release|Any CPU.ActiveCfg = Release|Any CPU
		{2091312D-673A-4909-9616-38A31F19A651}.Release|Any CPU.Build.0 = Release|Any CPU
		{2091312D-673A-4909-9616-38A31F19A651}.Release|x64.ActiveCfg = Release|x64
		{2091312D-673A-4909-9616-38A31F19A651}.Release|x64.Build.0 = Release|x64
		{2091312D-673A-4909-9616-38A31F19A651}.Release|x86.ActiveCfg = Release|x86
		{2091312D-673A-4909-9616-38A31F19A651}.Release|x86.Build.0 = Release|x86
		{015F58CB-6CA4-4045-A77A-E0D3FD6BD2AF}.Debug|Any CPU.ActiveCfg = Debug|Any CPU
		{015F58CB-6CA4-4045-A77A-E0D3FD6BD2AF}.Debug|Any CPU.Build.0 = Debug|Any CPU
		{015F58CB-6CA4-4045-A77A-E0D3FD6BD2AF}.Debug|x64.ActiveCfg = Debug|x64
		{015F58CB-6CA4-4045-A77A-E0D3FD6BD2AF}.Debug|x64.Build.0 = Debug|x64
		{015F58CB-6CA4-4045-A77A-E0D3FD6BD2AF}.Debug|x86.ActiveCfg = Debug|x86
		{015F58CB-6CA4-4045-A77A-E0D3FD6BD2AF}.Debug|x86.Build.0 = Debug|x86
		{015F58CB-6CA4-4045-A77A-E0D3FD6BD2AF}.Release|Any CPU.ActiveCfg = Release|Any CPU
		{015F58CB-6CA4-4045-A77A-E0D3FD6BD2AF}.Release|Any CPU.Build.0 = Release|Any CPU
		{015F58CB-6CA4-4045-A77A-E0D3FD6BD2AF}.Release|x64.ActiveCfg = Release|x64
		{015F58CB-6CA4-4045-A77A-E0D3FD6BD2AF}.Release|x64.Build.0 = Release|x64
		{015F58CB-6CA4-4045-A77A-E0D3FD6BD2AF}.Release|x86.ActiveCfg = Release|x86
		{015F58CB-6CA4-4045-A77A-E0D3FD6BD2AF}.Release|x86.Build.0 = Release|x86
		{B46A1A1D-E579-43C9-B70C-D1BF1D392295}.Debug|Any CPU.ActiveCfg = Debug|Any CPU
		{B46A1A1D-E579-43C9-B70C-D1BF1D392295}.Debug|Any CPU.Build.0 = Debug|Any CPU
		{B46A1A1D-E579-43C9-B70C-D1BF1D392295}.Debug|x64.ActiveCfg = Debug|x64
		{B46A1A1D-E579-43C9-B70C-D1BF1D392295}.Debug|x64.Build.0 = Debug|x64
		{B46A1A1D-E579-43C9-B70C-D1BF1D392295}.Debug|x86.ActiveCfg = Debug|x86
		{B46A1A1D-E579-43C9-B70C-D1BF1D392295}.Debug|x86.Build.0 = Debug|x86
		{B46A1A1D-E579-43C9-B70C-D1BF1D392295}.Release|Any CPU.ActiveCfg = Release|Any CPU
		{B46A1A1D-E579-43C9-B70C-D1BF1D392295}.Release|Any CPU.Build.0 = Release|Any CPU
		{B46A1A1D-E579-43C9-B70C-D1BF1D392295}.Release|x64.ActiveCfg = Release|x64
		{B46A1A1D-E579-43C9-B70C-D1BF1D392295}.Release|x64.Build.0 = Release|x64
		{B46A1A1D-E579-43C9-B70C-D1BF1D392295}.Release|x86.ActiveCfg = Release|x86
		{B46A1A1D-E579-43C9-B70C-D1BF1D392295}.Release|x86.Build.0 = Release|x86
		{445138D5-4923-44DB-AFA4-37FE2569BA6C}.Debug|Any CPU.ActiveCfg = Debug|Any CPU
		{445138D5-4923-44DB-AFA4-37FE2569BA6C}.Debug|Any CPU.Build.0 = Debug|Any CPU
		{445138D5-4923-44DB-AFA4-37FE2569BA6C}.Debug|x64.ActiveCfg = Debug|x64
		{445138D5-4923-44DB-AFA4-37FE2569BA6C}.Debug|x64.Build.0 = Debug|x64
		{445138D5-4923-44DB-AFA4-37FE2569BA6C}.Debug|x86.ActiveCfg = Debug|x86
		{445138D5-4923-44DB-AFA4-37FE2569BA6C}.Debug|x86.Build.0 = Debug|x86
		{445138D5-4923-44DB-AFA4-37FE2569BA6C}.Release|Any CPU.ActiveCfg = Release|Any CPU
		{445138D5-4923-44DB-AFA4-37FE2569BA6C}.Release|Any CPU.Build.0 = Release|Any CPU
		{445138D5-4923-44DB-AFA4-37FE2569BA6C}.Release|x64.ActiveCfg = Release|x64
		{445138D5-4923-44DB-AFA4-37FE2569BA6C}.Release|x64.Build.0 = Release|x64
		{445138D5-4923-44DB-AFA4-37FE2569BA6C}.Release|x86.ActiveCfg = Release|x86
		{445138D5-4923-44DB-AFA4-37FE2569BA6C}.Release|x86.Build.0 = Release|x86
		{F3681490-EF9F-479E-8623-AA0EB525F717}.Debug|Any CPU.ActiveCfg = Debug|Any CPU
		{F3681490-EF9F-479E-8623-AA0EB525F717}.Debug|Any CPU.Build.0 = Debug|Any CPU
		{F3681490-EF9F-479E-8623-AA0EB525F717}.Debug|x64.ActiveCfg = Debug|x64
		{F3681490-EF9F-479E-8623-AA0EB525F717}.Debug|x64.Build.0 = Debug|x64
		{F3681490-EF9F-479E-8623-AA0EB525F717}.Debug|x86.ActiveCfg = Debug|x86
		{F3681490-EF9F-479E-8623-AA0EB525F717}.Debug|x86.Build.0 = Debug|x86
		{F3681490-EF9F-479E-8623-AA0EB525F717}.Release|Any CPU.ActiveCfg = Release|Any CPU
		{F3681490-EF9F-479E-8623-AA0EB525F717}.Release|Any CPU.Build.0 = Release|Any CPU
		{F3681490-EF9F-479E-8623-AA0EB525F717}.Release|x64.ActiveCfg = Release|x64
		{F3681490-EF9F-479E-8623-AA0EB525F717}.Release|x64.Build.0 = Release|x64
		{F3681490-EF9F-479E-8623-AA0EB525F717}.Release|x86.ActiveCfg = Release|x86
		{F3681490-EF9F-479E-8623-AA0EB525F717}.Release|x86.Build.0 = Release|x86
		{9909004D-C411-464C-8147-707FFFFD4579}.Debug|Any CPU.ActiveCfg = Debug|Any CPU
		{9909004D-C411-464C-8147-707FFFFD4579}.Debug|Any CPU.Build.0 = Debug|Any CPU
		{9909004D-C411-464C-8147-707FFFFD4579}.Debug|x64.ActiveCfg = Debug|x64
		{9909004D-C411-464C-8147-707FFFFD4579}.Debug|x64.Build.0 = Debug|x64
		{9909004D-C411-464C-8147-707FFFFD4579}.Debug|x86.ActiveCfg = Debug|x86
		{9909004D-C411-464C-8147-707FFFFD4579}.Debug|x86.Build.0 = Debug|x86
		{9909004D-C411-464C-8147-707FFFFD4579}.Release|Any CPU.ActiveCfg = Release|Any CPU
		{9909004D-C411-464C-8147-707FFFFD4579}.Release|Any CPU.Build.0 = Release|Any CPU
		{9909004D-C411-464C-8147-707FFFFD4579}.Release|x64.ActiveCfg = Release|x64
		{9909004D-C411-464C-8147-707FFFFD4579}.Release|x64.Build.0 = Release|x64
		{9909004D-C411-464C-8147-707FFFFD4579}.Release|x86.ActiveCfg = Release|x86
		{9909004D-C411-464C-8147-707FFFFD4579}.Release|x86.Build.0 = Release|x86
		{B82834AF-2EFE-4C8C-825B-E2EF975B8844}.Debug|Any CPU.ActiveCfg = Debug|Any CPU
		{B82834AF-2EFE-4C8C-825B-E2EF975B8844}.Debug|Any CPU.Build.0 = Debug|Any CPU
		{B82834AF-2EFE-4C8C-825B-E2EF975B8844}.Debug|x64.ActiveCfg = Debug|x64
		{B82834AF-2EFE-4C8C-825B-E2EF975B8844}.Debug|x64.Build.0 = Debug|x64
		{B82834AF-2EFE-4C8C-825B-E2EF975B8844}.Debug|x86.ActiveCfg = Debug|x86
		{B82834AF-2EFE-4C8C-825B-E2EF975B8844}.Debug|x86.Build.0 = Debug|x86
		{B82834AF-2EFE-4C8C-825B-E2EF975B8844}.Release|Any CPU.ActiveCfg = Release|Any CPU
		{B82834AF-2EFE-4C8C-825B-E2EF975B8844}.Release|Any CPU.Build.0 = Release|Any CPU
		{B82834AF-2EFE-4C8C-825B-E2EF975B8844}.Release|x64.ActiveCfg = Release|x64
		{B82834AF-2EFE-4C8C-825B-E2EF975B8844}.Release|x64.Build.0 = Release|x64
		{B82834AF-2EFE-4C8C-825B-E2EF975B8844}.Release|x86.ActiveCfg = Release|x86
		{B82834AF-2EFE-4C8C-825B-E2EF975B8844}.Release|x86.Build.0 = Release|x86
		{3B62639B-BE2A-43F6-84CA-95AAADFDBC66}.Debug|Any CPU.ActiveCfg = Debug|Any CPU
		{3B62639B-BE2A-43F6-84CA-95AAADFDBC66}.Debug|Any CPU.Build.0 = Debug|Any CPU
		{3B62639B-BE2A-43F6-84CA-95AAADFDBC66}.Debug|x64.ActiveCfg = Debug|x64
		{3B62639B-BE2A-43F6-84CA-95AAADFDBC66}.Debug|x64.Build.0 = Debug|x64
		{3B62639B-BE2A-43F6-84CA-95AAADFDBC66}.Debug|x86.ActiveCfg = Debug|x86
		{3B62639B-BE2A-43F6-84CA-95AAADFDBC66}.Debug|x86.Build.0 = Debug|x86
		{3B62639B-BE2A-43F6-84CA-95AAADFDBC66}.Release|Any CPU.ActiveCfg = Release|Any CPU
		{3B62639B-BE2A-43F6-84CA-95AAADFDBC66}.Release|Any CPU.Build.0 = Release|Any CPU
		{3B62639B-BE2A-43F6-84CA-95AAADFDBC66}.Release|x64.ActiveCfg = Release|x64
		{3B62639B-BE2A-43F6-84CA-95AAADFDBC66}.Release|x64.Build.0 = Release|x64
		{3B62639B-BE2A-43F6-84CA-95AAADFDBC66}.Release|x86.ActiveCfg = Release|x86
		{3B62639B-BE2A-43F6-84CA-95AAADFDBC66}.Release|x86.Build.0 = Release|x86
		{80CFF0B3-2DFB-405A-BB70-52561D39B036}.Debug|Any CPU.ActiveCfg = Debug|Any CPU
		{80CFF0B3-2DFB-405A-BB70-52561D39B036}.Debug|Any CPU.Build.0 = Debug|Any CPU
		{80CFF0B3-2DFB-405A-BB70-52561D39B036}.Debug|x64.ActiveCfg = Debug|x64
		{80CFF0B3-2DFB-405A-BB70-52561D39B036}.Debug|x64.Build.0 = Debug|x64
		{80CFF0B3-2DFB-405A-BB70-52561D39B036}.Debug|x86.ActiveCfg = Debug|x86
		{80CFF0B3-2DFB-405A-BB70-52561D39B036}.Debug|x86.Build.0 = Debug|x86
		{80CFF0B3-2DFB-405A-BB70-52561D39B036}.Release|Any CPU.ActiveCfg = Release|Any CPU
		{80CFF0B3-2DFB-405A-BB70-52561D39B036}.Release|Any CPU.Build.0 = Release|Any CPU
		{80CFF0B3-2DFB-405A-BB70-52561D39B036}.Release|x64.ActiveCfg = Release|x64
		{80CFF0B3-2DFB-405A-BB70-52561D39B036}.Release|x64.Build.0 = Release|x64
		{80CFF0B3-2DFB-405A-BB70-52561D39B036}.Release|x86.ActiveCfg = Release|x86
		{80CFF0B3-2DFB-405A-BB70-52561D39B036}.Release|x86.Build.0 = Release|x86
		{2738657E-EE35-4FE6-A0DD-23376DA64B84}.Debug|Any CPU.ActiveCfg = Debug|Any CPU
		{2738657E-EE35-4FE6-A0DD-23376DA64B84}.Debug|Any CPU.Build.0 = Debug|Any CPU
		{2738657E-EE35-4FE6-A0DD-23376DA64B84}.Debug|x64.ActiveCfg = Debug|x64
		{2738657E-EE35-4FE6-A0DD-23376DA64B84}.Debug|x64.Build.0 = Debug|x64
		{2738657E-EE35-4FE6-A0DD-23376DA64B84}.Debug|x86.ActiveCfg = Debug|x86
		{2738657E-EE35-4FE6-A0DD-23376DA64B84}.Debug|x86.Build.0 = Debug|x86
		{2738657E-EE35-4FE6-A0DD-23376DA64B84}.Release|Any CPU.ActiveCfg = Release|Any CPU
		{2738657E-EE35-4FE6-A0DD-23376DA64B84}.Release|Any CPU.Build.0 = Release|Any CPU
		{2738657E-EE35-4FE6-A0DD-23376DA64B84}.Release|x64.ActiveCfg = Release|x64
		{2738657E-EE35-4FE6-A0DD-23376DA64B84}.Release|x64.Build.0 = Release|x64
		{2738657E-EE35-4FE6-A0DD-23376DA64B84}.Release|x86.ActiveCfg = Release|x86
		{2738657E-EE35-4FE6-A0DD-23376DA64B84}.Release|x86.Build.0 = Release|x86
		{A9C02488-D951-4C26-B6EC-032ACC9B0098}.Debug|Any CPU.ActiveCfg = Debug|Any CPU
		{A9C02488-D951-4C26-B6EC-032ACC9B0098}.Debug|Any CPU.Build.0 = Debug|Any CPU
		{A9C02488-D951-4C26-B6EC-032ACC9B0098}.Debug|x64.ActiveCfg = Debug|x64
		{A9C02488-D951-4C26-B6EC-032ACC9B0098}.Debug|x64.Build.0 = Debug|x64
		{A9C02488-D951-4C26-B6EC-032ACC9B0098}.Debug|x86.ActiveCfg = Debug|x86
		{A9C02488-D951-4C26-B6EC-032ACC9B0098}.Debug|x86.Build.0 = Debug|x86
		{A9C02488-D951-4C26-B6EC-032ACC9B0098}.Release|Any CPU.ActiveCfg = Release|Any CPU
		{A9C02488-D951-4C26-B6EC-032ACC9B0098}.Release|Any CPU.Build.0 = Release|Any CPU
		{A9C02488-D951-4C26-B6EC-032ACC9B0098}.Release|x64.ActiveCfg = Release|x64
		{A9C02488-D951-4C26-B6EC-032ACC9B0098}.Release|x64.Build.0 = Release|x64
		{A9C02488-D951-4C26-B6EC-032ACC9B0098}.Release|x86.ActiveCfg = Release|x86
		{A9C02488-D951-4C26-B6EC-032ACC9B0098}.Release|x86.Build.0 = Release|x86
		{1A2FEC52-C5BD-4D9A-8F28-641E82DD3A45}.Debug|Any CPU.ActiveCfg = Debug|Any CPU
		{1A2FEC52-C5BD-4D9A-8F28-641E82DD3A45}.Debug|Any CPU.Build.0 = Debug|Any CPU
		{1A2FEC52-C5BD-4D9A-8F28-641E82DD3A45}.Debug|x64.ActiveCfg = Debug|x64
		{1A2FEC52-C5BD-4D9A-8F28-641E82DD3A45}.Debug|x64.Build.0 = Debug|x64
		{1A2FEC52-C5BD-4D9A-8F28-641E82DD3A45}.Debug|x86.ActiveCfg = Debug|x86
		{1A2FEC52-C5BD-4D9A-8F28-641E82DD3A45}.Debug|x86.Build.0 = Debug|x86
		{1A2FEC52-C5BD-4D9A-8F28-641E82DD3A45}.Release|Any CPU.ActiveCfg = Release|Any CPU
		{1A2FEC52-C5BD-4D9A-8F28-641E82DD3A45}.Release|Any CPU.Build.0 = Release|Any CPU
		{1A2FEC52-C5BD-4D9A-8F28-641E82DD3A45}.Release|x64.ActiveCfg = Release|x64
		{1A2FEC52-C5BD-4D9A-8F28-641E82DD3A45}.Release|x64.Build.0 = Release|x64
		{1A2FEC52-C5BD-4D9A-8F28-641E82DD3A45}.Release|x86.ActiveCfg = Release|x86
		{1A2FEC52-C5BD-4D9A-8F28-641E82DD3A45}.Release|x86.Build.0 = Release|x86
		{53C826A5-1B9A-4600-AAAD-1AC5AC036568}.Debug|Any CPU.ActiveCfg = Debug|Any CPU
		{53C826A5-1B9A-4600-AAAD-1AC5AC036568}.Debug|Any CPU.Build.0 = Debug|Any CPU
		{53C826A5-1B9A-4600-AAAD-1AC5AC036568}.Debug|x64.ActiveCfg = Debug|x64
		{53C826A5-1B9A-4600-AAAD-1AC5AC036568}.Debug|x64.Build.0 = Debug|x64
		{53C826A5-1B9A-4600-AAAD-1AC5AC036568}.Debug|x86.ActiveCfg = Debug|x86
		{53C826A5-1B9A-4600-AAAD-1AC5AC036568}.Debug|x86.Build.0 = Debug|x86
		{53C826A5-1B9A-4600-AAAD-1AC5AC036568}.Release|Any CPU.ActiveCfg = Release|Any CPU
		{53C826A5-1B9A-4600-AAAD-1AC5AC036568}.Release|Any CPU.Build.0 = Release|Any CPU
		{53C826A5-1B9A-4600-AAAD-1AC5AC036568}.Release|x64.ActiveCfg = Release|x64
		{53C826A5-1B9A-4600-AAAD-1AC5AC036568}.Release|x64.Build.0 = Release|x64
		{53C826A5-1B9A-4600-AAAD-1AC5AC036568}.Release|x86.ActiveCfg = Release|x86
		{53C826A5-1B9A-4600-AAAD-1AC5AC036568}.Release|x86.Build.0 = Release|x86
		{45140AC8-A193-4B2A-BD61-7E574AE580B8}.Debug|Any CPU.ActiveCfg = Debug|Any CPU
		{45140AC8-A193-4B2A-BD61-7E574AE580B8}.Debug|Any CPU.Build.0 = Debug|Any CPU
		{45140AC8-A193-4B2A-BD61-7E574AE580B8}.Debug|x64.ActiveCfg = Debug|x64
		{45140AC8-A193-4B2A-BD61-7E574AE580B8}.Debug|x64.Build.0 = Debug|x64
		{45140AC8-A193-4B2A-BD61-7E574AE580B8}.Debug|x86.ActiveCfg = Debug|x86
		{45140AC8-A193-4B2A-BD61-7E574AE580B8}.Debug|x86.Build.0 = Debug|x86
		{45140AC8-A193-4B2A-BD61-7E574AE580B8}.Release|Any CPU.ActiveCfg = Release|Any CPU
		{45140AC8-A193-4B2A-BD61-7E574AE580B8}.Release|Any CPU.Build.0 = Release|Any CPU
		{45140AC8-A193-4B2A-BD61-7E574AE580B8}.Release|x64.ActiveCfg = Release|x64
		{45140AC8-A193-4B2A-BD61-7E574AE580B8}.Release|x64.Build.0 = Release|x64
		{45140AC8-A193-4B2A-BD61-7E574AE580B8}.Release|x86.ActiveCfg = Release|x86
		{45140AC8-A193-4B2A-BD61-7E574AE580B8}.Release|x86.Build.0 = Release|x86
		{01450BA4-29FF-4133-9DA4-702011000945}.Debug|Any CPU.ActiveCfg = Debug|Any CPU
		{01450BA4-29FF-4133-9DA4-702011000945}.Debug|Any CPU.Build.0 = Debug|Any CPU
		{01450BA4-29FF-4133-9DA4-702011000945}.Debug|x64.ActiveCfg = Debug|x64
		{01450BA4-29FF-4133-9DA4-702011000945}.Debug|x64.Build.0 = Debug|x64
		{01450BA4-29FF-4133-9DA4-702011000945}.Debug|x86.ActiveCfg = Debug|x86
		{01450BA4-29FF-4133-9DA4-702011000945}.Debug|x86.Build.0 = Debug|x86
		{01450BA4-29FF-4133-9DA4-702011000945}.Release|Any CPU.ActiveCfg = Release|Any CPU
		{01450BA4-29FF-4133-9DA4-702011000945}.Release|Any CPU.Build.0 = Release|Any CPU
		{01450BA4-29FF-4133-9DA4-702011000945}.Release|x64.ActiveCfg = Release|x64
		{01450BA4-29FF-4133-9DA4-702011000945}.Release|x64.Build.0 = Release|x64
		{01450BA4-29FF-4133-9DA4-702011000945}.Release|x86.ActiveCfg = Release|x86
		{01450BA4-29FF-4133-9DA4-702011000945}.Release|x86.Build.0 = Release|x86
		{6C27D0A9-B8DD-42F8-9C45-1A45296AA672}.Debug|Any CPU.ActiveCfg = Debug|Any CPU
		{6C27D0A9-B8DD-42F8-9C45-1A45296AA672}.Debug|Any CPU.Build.0 = Debug|Any CPU
		{6C27D0A9-B8DD-42F8-9C45-1A45296AA672}.Debug|x64.ActiveCfg = Debug|x64
		{6C27D0A9-B8DD-42F8-9C45-1A45296AA672}.Debug|x64.Build.0 = Debug|x64
		{6C27D0A9-B8DD-42F8-9C45-1A45296AA672}.Debug|x86.ActiveCfg = Debug|x86
		{6C27D0A9-B8DD-42F8-9C45-1A45296AA672}.Debug|x86.Build.0 = Debug|x86
		{6C27D0A9-B8DD-42F8-9C45-1A45296AA672}.Release|Any CPU.ActiveCfg = Release|Any CPU
		{6C27D0A9-B8DD-42F8-9C45-1A45296AA672}.Release|Any CPU.Build.0 = Release|Any CPU
		{6C27D0A9-B8DD-42F8-9C45-1A45296AA672}.Release|x64.ActiveCfg = Release|x64
		{6C27D0A9-B8DD-42F8-9C45-1A45296AA672}.Release|x64.Build.0 = Release|x64
		{6C27D0A9-B8DD-42F8-9C45-1A45296AA672}.Release|x86.ActiveCfg = Release|x86
		{6C27D0A9-B8DD-42F8-9C45-1A45296AA672}.Release|x86.Build.0 = Release|x86
		{E6A7811F-9CD2-4B25-805F-F2C555A20001}.Debug|Any CPU.ActiveCfg = Debug|Any CPU
		{E6A7811F-9CD2-4B25-805F-F2C555A20001}.Debug|Any CPU.Build.0 = Debug|Any CPU
		{E6A7811F-9CD2-4B25-805F-F2C555A20001}.Debug|x64.ActiveCfg = Debug|x64
		{E6A7811F-9CD2-4B25-805F-F2C555A20001}.Debug|x64.Build.0 = Debug|x64
		{E6A7811F-9CD2-4B25-805F-F2C555A20001}.Debug|x86.ActiveCfg = Debug|x86
		{E6A7811F-9CD2-4B25-805F-F2C555A20001}.Debug|x86.Build.0 = Debug|x86
		{E6A7811F-9CD2-4B25-805F-F2C555A20001}.Release|Any CPU.ActiveCfg = Release|Any CPU
		{E6A7811F-9CD2-4B25-805F-F2C555A20001}.Release|Any CPU.Build.0 = Release|Any CPU
		{E6A7811F-9CD2-4B25-805F-F2C555A20001}.Release|x64.ActiveCfg = Release|x64
		{E6A7811F-9CD2-4B25-805F-F2C555A20001}.Release|x64.Build.0 = Release|x64
		{E6A7811F-9CD2-4B25-805F-F2C555A20001}.Release|x86.ActiveCfg = Release|x86
		{E6A7811F-9CD2-4B25-805F-F2C555A20001}.Release|x86.Build.0 = Release|x86
		{4C2D275D-B20C-4196-9478-22DCD399C3D8}.Debug|Any CPU.ActiveCfg = Debug|Any CPU
		{4C2D275D-B20C-4196-9478-22DCD399C3D8}.Debug|Any CPU.Build.0 = Debug|Any CPU
		{4C2D275D-B20C-4196-9478-22DCD399C3D8}.Debug|x64.ActiveCfg = Debug|x64
		{4C2D275D-B20C-4196-9478-22DCD399C3D8}.Debug|x64.Build.0 = Debug|x64
		{4C2D275D-B20C-4196-9478-22DCD399C3D8}.Debug|x86.ActiveCfg = Debug|x86
		{4C2D275D-B20C-4196-9478-22DCD399C3D8}.Debug|x86.Build.0 = Debug|x86
		{4C2D275D-B20C-4196-9478-22DCD399C3D8}.Release|Any CPU.ActiveCfg = Release|Any CPU
		{4C2D275D-B20C-4196-9478-22DCD399C3D8}.Release|Any CPU.Build.0 = Release|Any CPU
		{4C2D275D-B20C-4196-9478-22DCD399C3D8}.Release|x64.ActiveCfg = Release|x64
		{4C2D275D-B20C-4196-9478-22DCD399C3D8}.Release|x64.Build.0 = Release|x64
		{4C2D275D-B20C-4196-9478-22DCD399C3D8}.Release|x86.ActiveCfg = Release|x86
		{4C2D275D-B20C-4196-9478-22DCD399C3D8}.Release|x86.Build.0 = Release|x86
		{378846E0-0C6B-444D-8C06-0C27B69C0381}.Debug|Any CPU.ActiveCfg = Debug|Any CPU
		{378846E0-0C6B-444D-8C06-0C27B69C0381}.Debug|Any CPU.Build.0 = Debug|Any CPU
		{378846E0-0C6B-444D-8C06-0C27B69C0381}.Debug|x64.ActiveCfg = Debug|x64
		{378846E0-0C6B-444D-8C06-0C27B69C0381}.Debug|x64.Build.0 = Debug|x64
		{378846E0-0C6B-444D-8C06-0C27B69C0381}.Debug|x86.ActiveCfg = Debug|x86
		{378846E0-0C6B-444D-8C06-0C27B69C0381}.Debug|x86.Build.0 = Debug|x86
		{378846E0-0C6B-444D-8C06-0C27B69C0381}.Release|Any CPU.ActiveCfg = Release|Any CPU
		{378846E0-0C6B-444D-8C06-0C27B69C0381}.Release|Any CPU.Build.0 = Release|Any CPU
		{378846E0-0C6B-444D-8C06-0C27B69C0381}.Release|x64.ActiveCfg = Release|x64
		{378846E0-0C6B-444D-8C06-0C27B69C0381}.Release|x64.Build.0 = Release|x64
		{378846E0-0C6B-444D-8C06-0C27B69C0381}.Release|x86.ActiveCfg = Release|x86
		{378846E0-0C6B-444D-8C06-0C27B69C0381}.Release|x86.Build.0 = Release|x86
		{F5BC1A13-5B0B-4C02-8659-660031CE7DCA}.Debug|Any CPU.ActiveCfg = Debug|Any CPU
		{F5BC1A13-5B0B-4C02-8659-660031CE7DCA}.Debug|Any CPU.Build.0 = Debug|Any CPU
		{F5BC1A13-5B0B-4C02-8659-660031CE7DCA}.Debug|x64.ActiveCfg = Debug|x64
		{F5BC1A13-5B0B-4C02-8659-660031CE7DCA}.Debug|x64.Build.0 = Debug|x64
		{F5BC1A13-5B0B-4C02-8659-660031CE7DCA}.Debug|x86.ActiveCfg = Debug|x86
		{F5BC1A13-5B0B-4C02-8659-660031CE7DCA}.Debug|x86.Build.0 = Debug|x86
		{F5BC1A13-5B0B-4C02-8659-660031CE7DCA}.Release|Any CPU.ActiveCfg = Release|Any CPU
		{F5BC1A13-5B0B-4C02-8659-660031CE7DCA}.Release|Any CPU.Build.0 = Release|Any CPU
		{F5BC1A13-5B0B-4C02-8659-660031CE7DCA}.Release|x64.ActiveCfg = Release|x64
		{F5BC1A13-5B0B-4C02-8659-660031CE7DCA}.Release|x64.Build.0 = Release|x64
		{F5BC1A13-5B0B-4C02-8659-660031CE7DCA}.Release|x86.ActiveCfg = Release|x86
		{F5BC1A13-5B0B-4C02-8659-660031CE7DCA}.Release|x86.Build.0 = Release|x86
		{27E67DAD-9AE2-4C70-9836-BFA9917DA866}.Debug|Any CPU.ActiveCfg = Debug|Any CPU
		{27E67DAD-9AE2-4C70-9836-BFA9917DA866}.Debug|Any CPU.Build.0 = Debug|Any CPU
		{27E67DAD-9AE2-4C70-9836-BFA9917DA866}.Debug|x64.ActiveCfg = Debug|x64
		{27E67DAD-9AE2-4C70-9836-BFA9917DA866}.Debug|x64.Build.0 = Debug|x64
		{27E67DAD-9AE2-4C70-9836-BFA9917DA866}.Debug|x86.ActiveCfg = Debug|x86
		{27E67DAD-9AE2-4C70-9836-BFA9917DA866}.Debug|x86.Build.0 = Debug|x86
		{27E67DAD-9AE2-4C70-9836-BFA9917DA866}.Release|Any CPU.ActiveCfg = Release|Any CPU
		{27E67DAD-9AE2-4C70-9836-BFA9917DA866}.Release|Any CPU.Build.0 = Release|Any CPU
		{27E67DAD-9AE2-4C70-9836-BFA9917DA866}.Release|x64.ActiveCfg = Release|x64
		{27E67DAD-9AE2-4C70-9836-BFA9917DA866}.Release|x64.Build.0 = Release|x64
		{27E67DAD-9AE2-4C70-9836-BFA9917DA866}.Release|x86.ActiveCfg = Release|x86
		{27E67DAD-9AE2-4C70-9836-BFA9917DA866}.Release|x86.Build.0 = Release|x86
		{7D941B84-5047-4DF0-943A-102F1F5C4B8B}.Debug|Any CPU.ActiveCfg = Debug|Any CPU
		{7D941B84-5047-4DF0-943A-102F1F5C4B8B}.Debug|Any CPU.Build.0 = Debug|Any CPU
		{7D941B84-5047-4DF0-943A-102F1F5C4B8B}.Debug|x64.ActiveCfg = Debug|x64
		{7D941B84-5047-4DF0-943A-102F1F5C4B8B}.Debug|x64.Build.0 = Debug|x64
		{7D941B84-5047-4DF0-943A-102F1F5C4B8B}.Debug|x86.ActiveCfg = Debug|x86
		{7D941B84-5047-4DF0-943A-102F1F5C4B8B}.Debug|x86.Build.0 = Debug|x86
		{7D941B84-5047-4DF0-943A-102F1F5C4B8B}.Release|Any CPU.ActiveCfg = Release|Any CPU
		{7D941B84-5047-4DF0-943A-102F1F5C4B8B}.Release|Any CPU.Build.0 = Release|Any CPU
		{7D941B84-5047-4DF0-943A-102F1F5C4B8B}.Release|x64.ActiveCfg = Release|x64
		{7D941B84-5047-4DF0-943A-102F1F5C4B8B}.Release|x64.Build.0 = Release|x64
		{7D941B84-5047-4DF0-943A-102F1F5C4B8B}.Release|x86.ActiveCfg = Release|x86
		{7D941B84-5047-4DF0-943A-102F1F5C4B8B}.Release|x86.Build.0 = Release|x86
		{4388DE13-B1EF-4ED3-B295-2B1133E0A52F}.Debug|Any CPU.ActiveCfg = Debug|Any CPU
		{4388DE13-B1EF-4ED3-B295-2B1133E0A52F}.Debug|Any CPU.Build.0 = Debug|Any CPU
		{4388DE13-B1EF-4ED3-B295-2B1133E0A52F}.Debug|x64.ActiveCfg = Debug|x64
		{4388DE13-B1EF-4ED3-B295-2B1133E0A52F}.Debug|x64.Build.0 = Debug|x64
		{4388DE13-B1EF-4ED3-B295-2B1133E0A52F}.Debug|x86.ActiveCfg = Debug|Any CPU
		{4388DE13-B1EF-4ED3-B295-2B1133E0A52F}.Debug|x86.Build.0 = Debug|Any CPU
		{4388DE13-B1EF-4ED3-B295-2B1133E0A52F}.Release|Any CPU.ActiveCfg = Release|Any CPU
		{4388DE13-B1EF-4ED3-B295-2B1133E0A52F}.Release|Any CPU.Build.0 = Release|Any CPU
		{4388DE13-B1EF-4ED3-B295-2B1133E0A52F}.Release|x64.ActiveCfg = Release|Any CPU
		{4388DE13-B1EF-4ED3-B295-2B1133E0A52F}.Release|x64.Build.0 = Release|Any CPU
		{4388DE13-B1EF-4ED3-B295-2B1133E0A52F}.Release|x86.ActiveCfg = Release|Any CPU
		{4388DE13-B1EF-4ED3-B295-2B1133E0A52F}.Release|x86.Build.0 = Release|Any CPU
	EndGlobalSection
	GlobalSection(SolutionProperties) = preSolution
		HideSolutionNode = FALSE
	EndGlobalSection
	GlobalSection(NestedProjects) = preSolution
		{7D941B84-5047-4DF0-943A-102F1F5C4B8B} = {4ECC9A79-9A2A-4A9B-BB2F-1BD88E42B583}
	EndGlobalSection
	GlobalSection(ExtensibilityGlobals) = postSolution
		SolutionGuid = {C1E59736-1AB2-449D-B222-ACEB0E0F77C6}
	EndGlobalSection
EndGlobal
